
Microsoft Visual Studio Solution File, Format Version 12.00
# Visual Studio Version 17
VisualStudioVersion = 17.6.33801.468
MinimumVisualStudioVersion = 10.0.40219.1
Project("{2150E333-8FDC-42A3-9474-1A3956D46DE8}") = "src", "src", "{8F0B480A-F6BD-4679-A692-F03967E822F6}"
EndProject
Project("{2150E333-8FDC-42A3-9474-1A3956D46DE8}") = "UserAuthApp", "UserAuthApp", "{9EA8E6EF-FB63-4BC9-82EA-F99093CC4318}"
EndProject
Project("{2150E333-8FDC-42A3-9474-1A3956D46DE8}") = "EventManagementApp", "EventManagementApp", "{B0B88D57-498C-4387-A9F7-4AEFEC3CF1D6}"
EndProject
Project("{2150E333-8FDC-42A3-9474-1A3956D46DE8}") = "TicketingApp", "TicketingApp", "{89C01CCD-0995-4EE2-AFCD-8ABC825AFB87}"
EndProject
Project("{2150E333-8FDC-42A3-9474-1A3956D46DE8}") = "NotificationApp", "NotificationApp", "{863B9B9F-B85A-42BC-8ABC-2C5FF23323CF}"
EndProject
Project("{2150E333-8FDC-42A3-9474-1A3956D46DE8}") = "FeedBackApp", "FeedBackApp", "{64B102C0-CD57-48D4-8849-17657CABD4DC}"
EndProject
Project("{9A19103F-16F7-4668-BE54-9A1E7A4F7556}") = "EventManagementApp.Utilities", "src\EventManagementApp\EventManagementApp.Utilities\EventManagementApp.Utilities.csproj", "{BC2CA6DD-BFD2-4A97-B39B-6DB5F16BCFA5}"
EndProject
Project("{9A19103F-16F7-4668-BE54-9A1E7A4F7556}") = "EventManagementApp.Domain", "src\EventManagementApp\EventManagementApp.Domain\EventManagementApp.Domain.csproj", "{A4C86FC8-0B50-40A1-A84A-1716CE2733CC}"
EndProject
Project("{9A19103F-16F7-4668-BE54-9A1E7A4F7556}") = "EventManagementApp.Api", "src\EventManagementApp\EventManagementApp.Api\EventManagementApp.Api.csproj", "{6D9D8B58-A2E6-47C6-9926-6330E57B6B38}"
EndProject
Project("{9A19103F-16F7-4668-BE54-9A1E7A4F7556}") = "FeedBackApp.Utilities", "src\FeedBackApp\FeedBackApp.Utilities\FeedBackApp.Utilities.csproj", "{201D7038-5AE1-49E6-B44E-5DB6040C6339}"
EndProject
Project("{9A19103F-16F7-4668-BE54-9A1E7A4F7556}") = "FeedBackApp.Domain", "src\FeedBackApp\FeedBackApp.Domain\FeedBackApp.Domain.csproj", "{ABC52FDD-C3CC-40C2-AE32-19E8D5D5F7D2}"
EndProject
Project("{9A19103F-16F7-4668-BE54-9A1E7A4F7556}") = "FeedBackApp.Api", "src\FeedBackApp\FeedBackApp.Api\FeedBackApp.Api.csproj", "{F7C29884-DDFC-4350-9278-4BF64F5B3E07}"
EndProject
Project("{9A19103F-16F7-4668-BE54-9A1E7A4F7556}") = "NotificationApp.Utilities", "src\NotificationApp\NotificationApp.Utilities\NotificationApp.Utilities.csproj", "{774E6287-A4C7-4D2F-B60A-185381366546}"
EndProject
Project("{9A19103F-16F7-4668-BE54-9A1E7A4F7556}") = "NotificationApp.Domain", "src\NotificationApp\NotificationApp.Domain\NotificationApp.Domain.csproj", "{98DAAAEC-B6FE-4289-974D-EEE2AF99313C}"
EndProject
Project("{9A19103F-16F7-4668-BE54-9A1E7A4F7556}") = "NotificationApp.Api", "src\NotificationApp\NotificationApp.Api\NotificationApp.Api.csproj", "{B819880C-CB59-4F95-AA5E-1CC42783C73D}"
EndProject
Project("{9A19103F-16F7-4668-BE54-9A1E7A4F7556}") = "TicketingApp.Utilities", "src\TicketingApp\TicketingApp.Utilities\TicketingApp.Utilities.csproj", "{B312AC9E-353E-427B-B237-1F8C08627195}"
EndProject
Project("{9A19103F-16F7-4668-BE54-9A1E7A4F7556}") = "TicketingApp.Domain", "src\TicketingApp\TicketingApp.Domain\TicketingApp.Domain.csproj", "{15AE65A5-7F8C-4C9A-AE5A-E6D786382191}"
EndProject
Project("{9A19103F-16F7-4668-BE54-9A1E7A4F7556}") = "TicketingApp.Api", "src\TicketingApp\TicketingApp.Api\TicketingApp.Api.csproj", "{5640FA5C-19F4-43D4-9666-175C78DBEB36}"
EndProject
Project("{9A19103F-16F7-4668-BE54-9A1E7A4F7556}") = "UserAuthApp.Utilities", "src\UserAuthApp\UserAuthApp.Utilities\UserAuthApp.Utilities.csproj", "{F102867E-7651-41B0-B85A-C10B6F51B2E2}"
EndProject
Project("{9A19103F-16F7-4668-BE54-9A1E7A4F7556}") = "UserAuthApp.Domain", "src\UserAuthApp\UserAuthApp.Domain\UserAuthApp.Domain.csproj", "{E9FB1D96-55AC-4C06-8F0F-6F0B9A939811}"
EndProject
Project("{9A19103F-16F7-4668-BE54-9A1E7A4F7556}") = "UserAuthApp.Api", "src\UserAuthApp\UserAuthApp.Api\UserAuthApp.Api.csproj", "{6C8AFA1A-07D1-45AA-B600-2D05FA96D428}"
EndProject
Project("{9A19103F-16F7-4668-BE54-9A1E7A4F7556}") = "UserAuthApp.Data", "src\UserAuthApp\UserAuthApp.Data\UserAuthApp.Data.csproj", "{E5AE90D1-1692-41CE-A413-45FF09D1708C}"
EndProject
Project("{9A19103F-16F7-4668-BE54-9A1E7A4F7556}") = "Mandiri.MiniProject.Utilities", "src\Utilities\Mandiri.MiniProject.Utilities\Mandiri.MiniProject.Utilities.csproj", "{C5BED947-15C9-4BBC-9BDC-9295078F5FDB}"
EndProject
Project("{9A19103F-16F7-4668-BE54-9A1E7A4F7556}") = "TicketingApp.Data", "src\TicketingApp\TicketingApp.Data\TicketingApp.Data.csproj", "{0D0B5FA9-9C5B-421E-901C-AD77FF628F27}"
EndProject
Project("{9A19103F-16F7-4668-BE54-9A1E7A4F7556}") = "EventManagementApp.Data", "src\EventManagementApp\EventManagementApp.Data\EventManagementApp.Data.csproj", "{C79D4E14-D52C-43BD-9CD4-B7A9C35E2E0F}"
EndProject
Project("{9A19103F-16F7-4668-BE54-9A1E7A4F7556}") = "FeedBackApp.Data", "src\FeedBackApp\FeedBackApp.Data\FeedBackApp.Data.csproj", "{BFC1E6D2-19B6-41BC-86D1-28F25D73FB51}"
EndProject
Project("{9A19103F-16F7-4668-BE54-9A1E7A4F7556}") = "NotificationApp.Data", "src\NotificationApp\NotificationApp.Data\NotificationApp.Data.csproj", "{26F397B1-7D99-4425-AA07-3A432A4394EE}"
EndProject
Project("{2150E333-8FDC-42A3-9474-1A3956D46DE8}") = "Utils", "Utils", "{1FF4E73F-C620-4F7F-BCF2-B1E954B5AA79}"
	ProjectSection(SolutionItems) = preProject
		src\Query Create Table.sql = src\Query Create Table.sql
	EndProjectSection
EndProject
Global
	GlobalSection(SolutionConfigurationPlatforms) = preSolution
		Debug|Any CPU = Debug|Any CPU
		Release|Any CPU = Release|Any CPU
	EndGlobalSection
	GlobalSection(ProjectConfigurationPlatforms) = postSolution
		{BC2CA6DD-BFD2-4A97-B39B-6DB5F16BCFA5}.Debug|Any CPU.ActiveCfg = Debug|Any CPU
		{BC2CA6DD-BFD2-4A97-B39B-6DB5F16BCFA5}.Debug|Any CPU.Build.0 = Debug|Any CPU
		{BC2CA6DD-BFD2-4A97-B39B-6DB5F16BCFA5}.Release|Any CPU.ActiveCfg = Release|Any CPU
		{BC2CA6DD-BFD2-4A97-B39B-6DB5F16BCFA5}.Release|Any CPU.Build.0 = Release|Any CPU
		{A4C86FC8-0B50-40A1-A84A-1716CE2733CC}.Debug|Any CPU.ActiveCfg = Debug|Any CPU
		{A4C86FC8-0B50-40A1-A84A-1716CE2733CC}.Debug|Any CPU.Build.0 = Debug|Any CPU
		{A4C86FC8-0B50-40A1-A84A-1716CE2733CC}.Release|Any CPU.ActiveCfg = Release|Any CPU
		{A4C86FC8-0B50-40A1-A84A-1716CE2733CC}.Release|Any CPU.Build.0 = Release|Any CPU
		{6D9D8B58-A2E6-47C6-9926-6330E57B6B38}.Debug|Any CPU.ActiveCfg = Debug|Any CPU
		{6D9D8B58-A2E6-47C6-9926-6330E57B6B38}.Debug|Any CPU.Build.0 = Debug|Any CPU
		{6D9D8B58-A2E6-47C6-9926-6330E57B6B38}.Release|Any CPU.ActiveCfg = Release|Any CPU
		{6D9D8B58-A2E6-47C6-9926-6330E57B6B38}.Release|Any CPU.Build.0 = Release|Any CPU
		{201D7038-5AE1-49E6-B44E-5DB6040C6339}.Debug|Any CPU.ActiveCfg = Debug|Any CPU
		{201D7038-5AE1-49E6-B44E-5DB6040C6339}.Debug|Any CPU.Build.0 = Debug|Any CPU
		{201D7038-5AE1-49E6-B44E-5DB6040C6339}.Release|Any CPU.ActiveCfg = Release|Any CPU
		{201D7038-5AE1-49E6-B44E-5DB6040C6339}.Release|Any CPU.Build.0 = Release|Any CPU
		{ABC52FDD-C3CC-40C2-AE32-19E8D5D5F7D2}.Debug|Any CPU.ActiveCfg = Debug|Any CPU
		{ABC52FDD-C3CC-40C2-AE32-19E8D5D5F7D2}.Debug|Any CPU.Build.0 = Debug|Any CPU
		{ABC52FDD-C3CC-40C2-AE32-19E8D5D5F7D2}.Release|Any CPU.ActiveCfg = Release|Any CPU
		{ABC52FDD-C3CC-40C2-AE32-19E8D5D5F7D2}.Release|Any CPU.Build.0 = Release|Any CPU
		{F7C29884-DDFC-4350-9278-4BF64F5B3E07}.Debug|Any CPU.ActiveCfg = Debug|Any CPU
		{F7C29884-DDFC-4350-9278-4BF64F5B3E07}.Debug|Any CPU.Build.0 = Debug|Any CPU
		{F7C29884-DDFC-4350-9278-4BF64F5B3E07}.Release|Any CPU.ActiveCfg = Release|Any CPU
		{F7C29884-DDFC-4350-9278-4BF64F5B3E07}.Release|Any CPU.Build.0 = Release|Any CPU
		{774E6287-A4C7-4D2F-B60A-185381366546}.Debug|Any CPU.ActiveCfg = Debug|Any CPU
		{774E6287-A4C7-4D2F-B60A-185381366546}.Debug|Any CPU.Build.0 = Debug|Any CPU
		{774E6287-A4C7-4D2F-B60A-185381366546}.Release|Any CPU.ActiveCfg = Release|Any CPU
		{774E6287-A4C7-4D2F-B60A-185381366546}.Release|Any CPU.Build.0 = Release|Any CPU
		{98DAAAEC-B6FE-4289-974D-EEE2AF99313C}.Debug|Any CPU.ActiveCfg = Debug|Any CPU
		{98DAAAEC-B6FE-4289-974D-EEE2AF99313C}.Debug|Any CPU.Build.0 = Debug|Any CPU
		{98DAAAEC-B6FE-4289-974D-EEE2AF99313C}.Release|Any CPU.ActiveCfg = Release|Any CPU
		{98DAAAEC-B6FE-4289-974D-EEE2AF99313C}.Release|Any CPU.Build.0 = Release|Any CPU
		{B819880C-CB59-4F95-AA5E-1CC42783C73D}.Debug|Any CPU.ActiveCfg = Debug|Any CPU
		{B819880C-CB59-4F95-AA5E-1CC42783C73D}.Debug|Any CPU.Build.0 = Debug|Any CPU
		{B819880C-CB59-4F95-AA5E-1CC42783C73D}.Release|Any CPU.ActiveCfg = Release|Any CPU
		{B819880C-CB59-4F95-AA5E-1CC42783C73D}.Release|Any CPU.Build.0 = Release|Any CPU
		{B312AC9E-353E-427B-B237-1F8C08627195}.Debug|Any CPU.ActiveCfg = Debug|Any CPU
		{B312AC9E-353E-427B-B237-1F8C08627195}.Debug|Any CPU.Build.0 = Debug|Any CPU
		{B312AC9E-353E-427B-B237-1F8C08627195}.Release|Any CPU.ActiveCfg = Release|Any CPU
		{B312AC9E-353E-427B-B237-1F8C08627195}.Release|Any CPU.Build.0 = Release|Any CPU
		{15AE65A5-7F8C-4C9A-AE5A-E6D786382191}.Debug|Any CPU.ActiveCfg = Debug|Any CPU
		{15AE65A5-7F8C-4C9A-AE5A-E6D786382191}.Debug|Any CPU.Build.0 = Debug|Any CPU
		{15AE65A5-7F8C-4C9A-AE5A-E6D786382191}.Release|Any CPU.ActiveCfg = Release|Any CPU
		{15AE65A5-7F8C-4C9A-AE5A-E6D786382191}.Release|Any CPU.Build.0 = Release|Any CPU
		{5640FA5C-19F4-43D4-9666-175C78DBEB36}.Debug|Any CPU.ActiveCfg = Debug|Any CPU
		{5640FA5C-19F4-43D4-9666-175C78DBEB36}.Debug|Any CPU.Build.0 = Debug|Any CPU
		{5640FA5C-19F4-43D4-9666-175C78DBEB36}.Release|Any CPU.ActiveCfg = Release|Any CPU
		{5640FA5C-19F4-43D4-9666-175C78DBEB36}.Release|Any CPU.Build.0 = Release|Any CPU
		{F102867E-7651-41B0-B85A-C10B6F51B2E2}.Debug|Any CPU.ActiveCfg = Debug|Any CPU
		{F102867E-7651-41B0-B85A-C10B6F51B2E2}.Debug|Any CPU.Build.0 = Debug|Any CPU
		{F102867E-7651-41B0-B85A-C10B6F51B2E2}.Release|Any CPU.ActiveCfg = Release|Any CPU
		{F102867E-7651-41B0-B85A-C10B6F51B2E2}.Release|Any CPU.Build.0 = Release|Any CPU
		{E9FB1D96-55AC-4C06-8F0F-6F0B9A939811}.Debug|Any CPU.ActiveCfg = Debug|Any CPU
		{E9FB1D96-55AC-4C06-8F0F-6F0B9A939811}.Debug|Any CPU.Build.0 = Debug|Any CPU
		{E9FB1D96-55AC-4C06-8F0F-6F0B9A939811}.Release|Any CPU.ActiveCfg = Release|Any CPU
		{E9FB1D96-55AC-4C06-8F0F-6F0B9A939811}.Release|Any CPU.Build.0 = Release|Any CPU
		{6C8AFA1A-07D1-45AA-B600-2D05FA96D428}.Debug|Any CPU.ActiveCfg = Debug|Any CPU
		{6C8AFA1A-07D1-45AA-B600-2D05FA96D428}.Debug|Any CPU.Build.0 = Debug|Any CPU
		{6C8AFA1A-07D1-45AA-B600-2D05FA96D428}.Release|Any CPU.ActiveCfg = Release|Any CPU
		{6C8AFA1A-07D1-45AA-B600-2D05FA96D428}.Release|Any CPU.Build.0 = Release|Any CPU
		{E5AE90D1-1692-41CE-A413-45FF09D1708C}.Debug|Any CPU.ActiveCfg = Debug|Any CPU
		{E5AE90D1-1692-41CE-A413-45FF09D1708C}.Debug|Any CPU.Build.0 = Debug|Any CPU
		{E5AE90D1-1692-41CE-A413-45FF09D1708C}.Release|Any CPU.ActiveCfg = Release|Any CPU
		{E5AE90D1-1692-41CE-A413-45FF09D1708C}.Release|Any CPU.Build.0 = Release|Any CPU
		{C5BED947-15C9-4BBC-9BDC-9295078F5FDB}.Debug|Any CPU.ActiveCfg = Debug|Any CPU
		{C5BED947-15C9-4BBC-9BDC-9295078F5FDB}.Debug|Any CPU.Build.0 = Debug|Any CPU
		{C5BED947-15C9-4BBC-9BDC-9295078F5FDB}.Release|Any CPU.ActiveCfg = Release|Any CPU
		{C5BED947-15C9-4BBC-9BDC-9295078F5FDB}.Release|Any CPU.Build.0 = Release|Any CPU
		{0D0B5FA9-9C5B-421E-901C-AD77FF628F27}.Debug|Any CPU.ActiveCfg = Debug|Any CPU
		{0D0B5FA9-9C5B-421E-901C-AD77FF628F27}.Debug|Any CPU.Build.0 = Debug|Any CPU
		{0D0B5FA9-9C5B-421E-901C-AD77FF628F27}.Release|Any CPU.ActiveCfg = Release|Any CPU
		{0D0B5FA9-9C5B-421E-901C-AD77FF628F27}.Release|Any CPU.Build.0 = Release|Any CPU
		{C79D4E14-D52C-43BD-9CD4-B7A9C35E2E0F}.Debug|Any CPU.ActiveCfg = Debug|Any CPU
		{C79D4E14-D52C-43BD-9CD4-B7A9C35E2E0F}.Debug|Any CPU.Build.0 = Debug|Any CPU
		{C79D4E14-D52C-43BD-9CD4-B7A9C35E2E0F}.Release|Any CPU.ActiveCfg = Release|Any CPU
		{C79D4E14-D52C-43BD-9CD4-B7A9C35E2E0F}.Release|Any CPU.Build.0 = Release|Any CPU
		{BFC1E6D2-19B6-41BC-86D1-28F25D73FB51}.Debug|Any CPU.ActiveCfg = Debug|Any CPU
		{BFC1E6D2-19B6-41BC-86D1-28F25D73FB51}.Debug|Any CPU.Build.0 = Debug|Any CPU
		{BFC1E6D2-19B6-41BC-86D1-28F25D73FB51}.Release|Any CPU.ActiveCfg = Release|Any CPU
		{BFC1E6D2-19B6-41BC-86D1-28F25D73FB51}.Release|Any CPU.Build.0 = Release|Any CPU
		{26F397B1-7D99-4425-AA07-3A432A4394EE}.Debug|Any CPU.ActiveCfg = Debug|Any CPU
		{26F397B1-7D99-4425-AA07-3A432A4394EE}.Debug|Any CPU.Build.0 = Debug|Any CPU
		{26F397B1-7D99-4425-AA07-3A432A4394EE}.Release|Any CPU.ActiveCfg = Release|Any CPU
		{26F397B1-7D99-4425-AA07-3A432A4394EE}.Release|Any CPU.Build.0 = Release|Any CPU
	EndGlobalSection
	GlobalSection(SolutionProperties) = preSolution
		HideSolutionNode = FALSE
	EndGlobalSection
	GlobalSection(NestedProjects) = preSolution
		{9EA8E6EF-FB63-4BC9-82EA-F99093CC4318} = {8F0B480A-F6BD-4679-A692-F03967E822F6}
		{B0B88D57-498C-4387-A9F7-4AEFEC3CF1D6} = {8F0B480A-F6BD-4679-A692-F03967E822F6}
		{89C01CCD-0995-4EE2-AFCD-8ABC825AFB87} = {8F0B480A-F6BD-4679-A692-F03967E822F6}
		{863B9B9F-B85A-42BC-8ABC-2C5FF23323CF} = {8F0B480A-F6BD-4679-A692-F03967E822F6}
		{64B102C0-CD57-48D4-8849-17657CABD4DC} = {8F0B480A-F6BD-4679-A692-F03967E822F6}
		{BC2CA6DD-BFD2-4A97-B39B-6DB5F16BCFA5} = {B0B88D57-498C-4387-A9F7-4AEFEC3CF1D6}
		{A4C86FC8-0B50-40A1-A84A-1716CE2733CC} = {B0B88D57-498C-4387-A9F7-4AEFEC3CF1D6}
		{6D9D8B58-A2E6-47C6-9926-6330E57B6B38} = {B0B88D57-498C-4387-A9F7-4AEFEC3CF1D6}
		{201D7038-5AE1-49E6-B44E-5DB6040C6339} = {64B102C0-CD57-48D4-8849-17657CABD4DC}
		{ABC52FDD-C3CC-40C2-AE32-19E8D5D5F7D2} = {64B102C0-CD57-48D4-8849-17657CABD4DC}
		{F7C29884-DDFC-4350-9278-4BF64F5B3E07} = {64B102C0-CD57-48D4-8849-17657CABD4DC}
		{774E6287-A4C7-4D2F-B60A-185381366546} = {863B9B9F-B85A-42BC-8ABC-2C5FF23323CF}
		{98DAAAEC-B6FE-4289-974D-EEE2AF99313C} = {863B9B9F-B85A-42BC-8ABC-2C5FF23323CF}
		{B819880C-CB59-4F95-AA5E-1CC42783C73D} = {863B9B9F-B85A-42BC-8ABC-2C5FF23323CF}
		{B312AC9E-353E-427B-B237-1F8C08627195} = {89C01CCD-0995-4EE2-AFCD-8ABC825AFB87}
		{15AE65A5-7F8C-4C9A-AE5A-E6D786382191} = {89C01CCD-0995-4EE2-AFCD-8ABC825AFB87}
		{5640FA5C-19F4-43D4-9666-175C78DBEB36} = {89C01CCD-0995-4EE2-AFCD-8ABC825AFB87}
		{F102867E-7651-41B0-B85A-C10B6F51B2E2} = {9EA8E6EF-FB63-4BC9-82EA-F99093CC4318}
		{E9FB1D96-55AC-4C06-8F0F-6F0B9A939811} = {9EA8E6EF-FB63-4BC9-82EA-F99093CC4318}
		{6C8AFA1A-07D1-45AA-B600-2D05FA96D428} = {9EA8E6EF-FB63-4BC9-82EA-F99093CC4318}
		{E5AE90D1-1692-41CE-A413-45FF09D1708C} = {9EA8E6EF-FB63-4BC9-82EA-F99093CC4318}
		{C5BED947-15C9-4BBC-9BDC-9295078F5FDB} = {8F0B480A-F6BD-4679-A692-F03967E822F6}
		{0D0B5FA9-9C5B-421E-901C-AD77FF628F27} = {89C01CCD-0995-4EE2-AFCD-8ABC825AFB87}
		{C79D4E14-D52C-43BD-9CD4-B7A9C35E2E0F} = {B0B88D57-498C-4387-A9F7-4AEFEC3CF1D6}
		{BFC1E6D2-19B6-41BC-86D1-28F25D73FB51} = {64B102C0-CD57-48D4-8849-17657CABD4DC}
		{26F397B1-7D99-4425-AA07-3A432A4394EE} = {863B9B9F-B85A-42BC-8ABC-2C5FF23323CF}
		{1FF4E73F-C620-4F7F-BCF2-B1E954B5AA79} = {8F0B480A-F6BD-4679-A692-F03967E822F6}
	EndGlobalSection
	GlobalSection(ExtensibilityGlobals) = postSolution
		SolutionGuid = {1B312FF5-991F-406A-857C-DB0929EF80DC}
	EndGlobalSection
EndGlobal
